%{"cowboy": {:hex, :cowboy, "1.0.0"},
  "cowlib": {:hex, :cowlib, "1.0.1"},
  "phoenix": {:git, "git://github.com/phoenixframework/phoenix.git", "8e6e97545217d2c775a25c77372e3a47d92f36da", []},
  "plug": {:hex, :plug, "0.10.0"},
  "poison": {:hex, :poison, "1.3.1"},
  "ranch": {:hex, :ranch, "1.0.0"}}
